
Microsoft Visual Studio Solution File, Format Version 12.00
# Visual Studio Version 16
VisualStudioVersion = 16.0.31729.503
MinimumVisualStudioVersion = 10.0.40219.1
Project("{FAE04EC0-301F-11D3-BF4B-00C04F79EFBC}") = "test.API", "test.API\test.API.csproj", "{716E9119-84CB-4393-8585-55FB3E6D9B7A}"
EndProject
Project("{2150E333-8FDC-42A3-9474-1A3956D46DE8}") = "Core", "Core", "{F4DF0D8E-D3D2-4EF7-9CAA-6DB4EAA3C39A}"
EndProject
Project("{FAE04EC0-301F-11D3-BF4B-00C04F79EFBC}") = "Domain", "Domain\Domain.csproj", "{5B915D2E-3850-44C6-A053-10E7DE7AE550}"
EndProject
Project("{FAE04EC0-301F-11D3-BF4B-00C04F79EFBC}") = "Application", "Application\Application.csproj", "{F093A7C3-BB7B-4DF5-9D86-CF2D598D7556}"
EndProject
Global
	GlobalSection(SolutionConfigurationPlatforms) = preSolution
		Debug|Any CPU = Debug|Any CPU
		Release|Any CPU = Release|Any CPU
	EndGlobalSection
	GlobalSection(ProjectConfigurationPlatforms) = postSolution
		{716E9119-84CB-4393-8585-55FB3E6D9B7A}.Debug|Any CPU.ActiveCfg = Debug|Any CPU
		{716E9119-84CB-4393-8585-55FB3E6D9B7A}.Debug|Any CPU.Build.0 = Debug|Any CPU
		{716E9119-84CB-4393-8585-55FB3E6D9B7A}.Release|Any CPU.ActiveCfg = Release|Any CPU
		{716E9119-84CB-4393-8585-55FB3E6D9B7A}.Release|Any CPU.Build.0 = Release|Any CPU
		{5B915D2E-3850-44C6-A053-10E7DE7AE550}.Debug|Any CPU.ActiveCfg = Debug|Any CPU
		{5B915D2E-3850-44C6-A053-10E7DE7AE550}.Debug|Any CPU.Build.0 = Debug|Any CPU
		{5B915D2E-3850-44C6-A053-10E7DE7AE550}.Release|Any CPU.ActiveCfg = Release|Any CPU
		{5B915D2E-3850-44C6-A053-10E7DE7AE550}.Release|Any CPU.Build.0 = Release|Any CPU
		{F093A7C3-BB7B-4DF5-9D86-CF2D598D7556}.Debug|Any CPU.ActiveCfg = Debug|Any CPU
		{F093A7C3-BB7B-4DF5-9D86-CF2D598D7556}.Debug|Any CPU.Build.0 = Debug|Any CPU
		{F093A7C3-BB7B-4DF5-9D86-CF2D598D7556}.Release|Any CPU.ActiveCfg = Release|Any CPU
		{F093A7C3-BB7B-4DF5-9D86-CF2D598D7556}.Release|Any CPU.Build.0 = Release|Any CPU
	EndGlobalSection
	GlobalSection(SolutionProperties) = preSolution
		HideSolutionNode = FALSE
	EndGlobalSection
	GlobalSection(NestedProjects) = preSolution
		{5B915D2E-3850-44C6-A053-10E7DE7AE550} = {F4DF0D8E-D3D2-4EF7-9CAA-6DB4EAA3C39A}
		{F093A7C3-BB7B-4DF5-9D86-CF2D598D7556} = {F4DF0D8E-D3D2-4EF7-9CAA-6DB4EAA3C39A}
	EndGlobalSection
	GlobalSection(ExtensibilityGlobals) = postSolution
		SolutionGuid = {E95042CA-12BF-4796-96C2-5DE992F65985}
	EndGlobalSection
EndGlobal
